// !$*UTF8*$!
{
	archiveVersion = 1;
	classes = {
	};
	objectVersion = 50;
	objects = {

/* Begin PBXBuildFile section */
		4EC006D51913ED5EF5DCFBE4 /* Pods_RandomUserApp.framework in Frameworks */ = {isa = PBXBuildFile; fileRef = DB3941154B00AC4309FF29AE /* Pods_RandomUserApp.framework */; };
		614437F621C7407E005999F2 /* ActivityIndicator.swift in Sources */ = {isa = PBXBuildFile; fileRef = 614437F521C7407E005999F2 /* ActivityIndicator.swift */; };
		614437F821C74130005999F2 /* Utility.swift in Sources */ = {isa = PBXBuildFile; fileRef = 614437F721C74130005999F2 /* Utility.swift */; };
		61B4528721C32069001CA325 /* AppDelegate.swift in Sources */ = {isa = PBXBuildFile; fileRef = 61B4528621C32069001CA325 /* AppDelegate.swift */; };
		61B4528C21C32069001CA325 /* Main.storyboard in Resources */ = {isa = PBXBuildFile; fileRef = 61B4528A21C32069001CA325 /* Main.storyboard */; };
		61B4528E21C3206B001CA325 /* Assets.xcassets in Resources */ = {isa = PBXBuildFile; fileRef = 61B4528D21C3206B001CA325 /* Assets.xcassets */; };
		61B4529121C3206B001CA325 /* LaunchScreen.storyboard in Resources */ = {isa = PBXBuildFile; fileRef = 61B4528F21C3206B001CA325 /* LaunchScreen.storyboard */; };
		61B452B621C43932001CA325 /* RandomUserAPIClient.swift in Sources */ = {isa = PBXBuildFile; fileRef = 61B452B521C43932001CA325 /* RandomUserAPIClient.swift */; };
		61B452B821C4394C001CA325 /* RandomUserAPIRoutes.swift in Sources */ = {isa = PBXBuildFile; fileRef = 61B452B721C4394C001CA325 /* RandomUserAPIRoutes.swift */; };
		61B452BA21C448B2001CA325 /* RandomUserAPIClientTest.swift in Sources */ = {isa = PBXBuildFile; fileRef = 61B452B921C448B2001CA325 /* RandomUserAPIClientTest.swift */; };
		61B452BF21C44DC1001CA325 /* User.swift in Sources */ = {isa = PBXBuildFile; fileRef = 61B452BE21C44DC1001CA325 /* User.swift */; };
		61B452C621C597F9001CA325 /* user.json in Resources */ = {isa = PBXBuildFile; fileRef = 61B452C521C597F9001CA325 /* user.json */; };
		61B452C821C5A01A001CA325 /* offline.json in Resources */ = {isa = PBXBuildFile; fileRef = 61B452C721C5A01A001CA325 /* offline.json */; };
		61B452CA21C5A16E001CA325 /* ErrorMessage.swift in Sources */ = {isa = PBXBuildFile; fileRef = 61B452C921C5A16E001CA325 /* ErrorMessage.swift */; };
		61B452CE21C5ABE9001CA325 /* UserListViewModel.swift in Sources */ = {isa = PBXBuildFile; fileRef = 61B452CD21C5ABE9001CA325 /* UserListViewModel.swift */; };
		61B452D021C5AC91001CA325 /* UserListTableViewController.swift in Sources */ = {isa = PBXBuildFile; fileRef = 61B452CF21C5AC90001CA325 /* UserListTableViewController.swift */; };
		61B452D321C5AE26001CA325 /* LoveloBold.otf in Resources */ = {isa = PBXBuildFile; fileRef = 61B452D221C5AE26001CA325 /* LoveloBold.otf */; };
		61B452D821C5AE86001CA325 /* AvenirNextLTPro-Regular.otf in Resources */ = {isa = PBXBuildFile; fileRef = 61B452D421C5AE86001CA325 /* AvenirNextLTPro-Regular.otf */; };
		61B452D921C5AE86001CA325 /* AvenirNextLTPro-Bold.otf in Resources */ = {isa = PBXBuildFile; fileRef = 61B452D521C5AE86001CA325 /* AvenirNextLTPro-Bold.otf */; };
		61B452DA21C5AE86001CA325 /* AvenirNextLTPro-MediumCn.otf in Resources */ = {isa = PBXBuildFile; fileRef = 61B452D621C5AE86001CA325 /* AvenirNextLTPro-MediumCn.otf */; };
		61B452DB21C5AE86001CA325 /* AvenirNextLTPro-Demi.otf in Resources */ = {isa = PBXBuildFile; fileRef = 61B452D721C5AE86001CA325 /* AvenirNextLTPro-Demi.otf */; };
		61B452DD21C5F0E5001CA325 /* UIViewExtension.swift in Sources */ = {isa = PBXBuildFile; fileRef = 61B452DC21C5F0E5001CA325 /* UIViewExtension.swift */; };
		61B452E121C695F4001CA325 /* UserAPI.swift in Sources */ = {isa = PBXBuildFile; fileRef = 61B452E021C695F4001CA325 /* UserAPI.swift */; };
		61B452E321C6A89F001CA325 /* UserViewModel.swift in Sources */ = {isa = PBXBuildFile; fileRef = 61B452E221C6A89F001CA325 /* UserViewModel.swift */; };
		61B452E621C6A995001CA325 /* BaseViewModel.swift in Sources */ = {isa = PBXBuildFile; fileRef = 61B452E521C6A995001CA325 /* BaseViewModel.swift */; };
		61B452E821C6B784001CA325 /* UserTableViewCell.swift in Sources */ = {isa = PBXBuildFile; fileRef = 61B452E721C6B784001CA325 /* UserTableViewCell.swift */; };
		75DB872B06A44E3AD425AC44 /* Pods_RandomUserAppTests.framework in Frameworks */ = {isa = PBXBuildFile; fileRef = 98B58E766DDD4E78690AB497 /* Pods_RandomUserAppTests.framework */; };
/* End PBXBuildFile section */

/* Begin PBXContainerItemProxy section */
		61B4529821C3206B001CA325 /* PBXContainerItemProxy */ = {
			isa = PBXContainerItemProxy;
			containerPortal = 61B4527B21C32069001CA325 /* Project object */;
			proxyType = 1;
			remoteGlobalIDString = 61B4528221C32069001CA325;
			remoteInfo = RandomUserApp;
		};
/* End PBXContainerItemProxy section */

/* Begin PBXFileReference section */
		614437F521C7407E005999F2 /* ActivityIndicator.swift */ = {isa = PBXFileReference; lastKnownFileType = sourcecode.swift; path = ActivityIndicator.swift; sourceTree = "<group>"; };
		614437F721C74130005999F2 /* Utility.swift */ = {isa = PBXFileReference; lastKnownFileType = sourcecode.swift; path = Utility.swift; sourceTree = "<group>"; };
		61B4528321C32069001CA325 /* RandomUserApp.app */ = {isa = PBXFileReference; explicitFileType = wrapper.application; includeInIndex = 0; path = RandomUserApp.app; sourceTree = BUILT_PRODUCTS_DIR; };
		61B4528621C32069001CA325 /* AppDelegate.swift */ = {isa = PBXFileReference; lastKnownFileType = sourcecode.swift; path = AppDelegate.swift; sourceTree = "<group>"; };
		61B4528B21C32069001CA325 /* Base */ = {isa = PBXFileReference; lastKnownFileType = file.storyboard; name = Base; path = Base.lproj/Main.storyboard; sourceTree = "<group>"; };
		61B4528D21C3206B001CA325 /* Assets.xcassets */ = {isa = PBXFileReference; lastKnownFileType = folder.assetcatalog; path = Assets.xcassets; sourceTree = "<group>"; };
		61B4529021C3206B001CA325 /* Base */ = {isa = PBXFileReference; lastKnownFileType = file.storyboard; name = Base; path = Base.lproj/LaunchScreen.storyboard; sourceTree = "<group>"; };
		61B4529221C3206B001CA325 /* Info.plist */ = {isa = PBXFileReference; lastKnownFileType = text.plist.xml; path = Info.plist; sourceTree = "<group>"; };
		61B4529721C3206B001CA325 /* RandomUserAppTests.xctest */ = {isa = PBXFileReference; explicitFileType = wrapper.cfbundle; includeInIndex = 0; path = RandomUserAppTests.xctest; sourceTree = BUILT_PRODUCTS_DIR; };
		61B4529D21C3206B001CA325 /* Info.plist */ = {isa = PBXFileReference; lastKnownFileType = text.plist.xml; path = Info.plist; sourceTree = "<group>"; };
		61B452B521C43932001CA325 /* RandomUserAPIClient.swift */ = {isa = PBXFileReference; lastKnownFileType = sourcecode.swift; path = RandomUserAPIClient.swift; sourceTree = "<group>"; };
		61B452B721C4394C001CA325 /* RandomUserAPIRoutes.swift */ = {isa = PBXFileReference; lastKnownFileType = sourcecode.swift; path = RandomUserAPIRoutes.swift; sourceTree = "<group>"; };
		61B452B921C448B2001CA325 /* RandomUserAPIClientTest.swift */ = {isa = PBXFileReference; lastKnownFileType = sourcecode.swift; path = RandomUserAPIClientTest.swift; sourceTree = "<group>"; };
		61B452BE21C44DC1001CA325 /* User.swift */ = {isa = PBXFileReference; lastKnownFileType = sourcecode.swift; path = User.swift; sourceTree = "<group>"; };
		61B452C521C597F9001CA325 /* user.json */ = {isa = PBXFileReference; lastKnownFileType = text.json; path = user.json; sourceTree = "<group>"; };
		61B452C721C5A01A001CA325 /* offline.json */ = {isa = PBXFileReference; lastKnownFileType = text.json; path = offline.json; sourceTree = "<group>"; };
		61B452C921C5A16E001CA325 /* ErrorMessage.swift */ = {isa = PBXFileReference; lastKnownFileType = sourcecode.swift; path = ErrorMessage.swift; sourceTree = "<group>"; };
		61B452CD21C5ABE9001CA325 /* UserListViewModel.swift */ = {isa = PBXFileReference; lastKnownFileType = sourcecode.swift; path = UserListViewModel.swift; sourceTree = "<group>"; };
		61B452CF21C5AC90001CA325 /* UserListTableViewController.swift */ = {isa = PBXFileReference; lastKnownFileType = sourcecode.swift; path = UserListTableViewController.swift; sourceTree = "<group>"; };
		61B452D221C5AE26001CA325 /* LoveloBold.otf */ = {isa = PBXFileReference; lastKnownFileType = file; path = LoveloBold.otf; sourceTree = "<group>"; };
		61B452D421C5AE86001CA325 /* AvenirNextLTPro-Regular.otf */ = {isa = PBXFileReference; lastKnownFileType = file; path = "AvenirNextLTPro-Regular.otf"; sourceTree = "<group>"; };
		61B452D521C5AE86001CA325 /* AvenirNextLTPro-Bold.otf */ = {isa = PBXFileReference; lastKnownFileType = file; path = "AvenirNextLTPro-Bold.otf"; sourceTree = "<group>"; };
		61B452D621C5AE86001CA325 /* AvenirNextLTPro-MediumCn.otf */ = {isa = PBXFileReference; lastKnownFileType = file; path = "AvenirNextLTPro-MediumCn.otf"; sourceTree = "<group>"; };
		61B452D721C5AE86001CA325 /* AvenirNextLTPro-Demi.otf */ = {isa = PBXFileReference; lastKnownFileType = file; path = "AvenirNextLTPro-Demi.otf"; sourceTree = "<group>"; };
		61B452DC21C5F0E5001CA325 /* UIViewExtension.swift */ = {isa = PBXFileReference; lastKnownFileType = sourcecode.swift; path = UIViewExtension.swift; sourceTree = "<group>"; };
		61B452E021C695F4001CA325 /* UserAPI.swift */ = {isa = PBXFileReference; lastKnownFileType = sourcecode.swift; path = UserAPI.swift; sourceTree = "<group>"; };
		61B452E221C6A89F001CA325 /* UserViewModel.swift */ = {isa = PBXFileReference; lastKnownFileType = sourcecode.swift; path = UserViewModel.swift; sourceTree = "<group>"; };
		61B452E521C6A995001CA325 /* BaseViewModel.swift */ = {isa = PBXFileReference; lastKnownFileType = sourcecode.swift; path = BaseViewModel.swift; sourceTree = "<group>"; };
		61B452E721C6B784001CA325 /* UserTableViewCell.swift */ = {isa = PBXFileReference; lastKnownFileType = sourcecode.swift; path = UserTableViewCell.swift; sourceTree = "<group>"; };
		74AD1FCD5E0C9607EF100D95 /* Pods-RandomUserAppTests.release.xcconfig */ = {isa = PBXFileReference; includeInIndex = 1; lastKnownFileType = text.xcconfig; name = "Pods-RandomUserAppTests.release.xcconfig"; path = "Target Support Files/Pods-RandomUserAppTests/Pods-RandomUserAppTests.release.xcconfig"; sourceTree = "<group>"; };
		82309061495F376DC5B416C6 /* Pods-RandomUserApp.debug.xcconfig */ = {isa = PBXFileReference; includeInIndex = 1; lastKnownFileType = text.xcconfig; name = "Pods-RandomUserApp.debug.xcconfig"; path = "Target Support Files/Pods-RandomUserApp/Pods-RandomUserApp.debug.xcconfig"; sourceTree = "<group>"; };
		98B58E766DDD4E78690AB497 /* Pods_RandomUserAppTests.framework */ = {isa = PBXFileReference; explicitFileType = wrapper.framework; includeInIndex = 0; path = Pods_RandomUserAppTests.framework; sourceTree = BUILT_PRODUCTS_DIR; };
		DB3941154B00AC4309FF29AE /* Pods_RandomUserApp.framework */ = {isa = PBXFileReference; explicitFileType = wrapper.framework; includeInIndex = 0; path = Pods_RandomUserApp.framework; sourceTree = BUILT_PRODUCTS_DIR; };
		DE20CC304CFEB22C364EF5D2 /* Pods-RandomUserApp.release.xcconfig */ = {isa = PBXFileReference; includeInIndex = 1; lastKnownFileType = text.xcconfig; name = "Pods-RandomUserApp.release.xcconfig"; path = "Target Support Files/Pods-RandomUserApp/Pods-RandomUserApp.release.xcconfig"; sourceTree = "<group>"; };
		E25550176CD3A023ECC9767C /* Pods-RandomUserAppTests.debug.xcconfig */ = {isa = PBXFileReference; includeInIndex = 1; lastKnownFileType = text.xcconfig; name = "Pods-RandomUserAppTests.debug.xcconfig"; path = "Target Support Files/Pods-RandomUserAppTests/Pods-RandomUserAppTests.debug.xcconfig"; sourceTree = "<group>"; };
/* End PBXFileReference section */

/* Begin PBXFrameworksBuildPhase section */
		61B4528021C32069001CA325 /* Frameworks */ = {
			isa = PBXFrameworksBuildPhase;
			buildActionMask = 2147483647;
			files = (
				4EC006D51913ED5EF5DCFBE4 /* Pods_RandomUserApp.framework in Frameworks */,
			);
			runOnlyForDeploymentPostprocessing = 0;
		};
		61B4529421C3206B001CA325 /* Frameworks */ = {
			isa = PBXFrameworksBuildPhase;
			buildActionMask = 2147483647;
			files = (
				75DB872B06A44E3AD425AC44 /* Pods_RandomUserAppTests.framework in Frameworks */,
			);
			runOnlyForDeploymentPostprocessing = 0;
		};
/* End PBXFrameworksBuildPhase section */

/* Begin PBXGroup section */
		61B4527A21C32069001CA325 = {
			isa = PBXGroup;
			children = (
				61B4528521C32069001CA325 /* RandomUserApp */,
				61B4529A21C3206B001CA325 /* RandomUserAppTests */,
				61B4528421C32069001CA325 /* Products */,
				F9F0215CDA06EED6042D092F /* Pods */,
				A7D3687E483B17C533520FBE /* Frameworks */,
			);
			sourceTree = "<group>";
		};
		61B4528421C32069001CA325 /* Products */ = {
			isa = PBXGroup;
			children = (
				61B4528321C32069001CA325 /* RandomUserApp.app */,
				61B4529721C3206B001CA325 /* RandomUserAppTests.xctest */,
			);
			name = Products;
			sourceTree = "<group>";
		};
		61B4528521C32069001CA325 /* RandomUserApp */ = {
			isa = PBXGroup;
			children = (
				61B452E421C6A980001CA325 /* Util */,
				61B452B421C43911001CA325 /* Network */,
				61B452BD21C44D27001CA325 /* Model */,
				61B452CB21C5AB16001CA325 /* View */,
				61B4528621C32069001CA325 /* AppDelegate.swift */,
				61B4528D21C3206B001CA325 /* Assets.xcassets */,
				61B4529221C3206B001CA325 /* Info.plist */,
			);
			path = RandomUserApp;
			sourceTree = "<group>";
		};
		61B4529A21C3206B001CA325 /* RandomUserAppTests */ = {
			isa = PBXGroup;
			children = (
				61B452C421C597B8001CA325 /* Stubs */,
				61B452B921C448B2001CA325 /* RandomUserAPIClientTest.swift */,
				61B4529D21C3206B001CA325 /* Info.plist */,
			);
			path = RandomUserAppTests;
			sourceTree = "<group>";
		};
		61B452B421C43911001CA325 /* Network */ = {
			isa = PBXGroup;
			children = (
				61B452DF21C695C8001CA325 /* API */,
				61B452B521C43932001CA325 /* RandomUserAPIClient.swift */,
				61B452B721C4394C001CA325 /* RandomUserAPIRoutes.swift */,
			);
			path = Network;
			sourceTree = "<group>";
		};
		61B452BD21C44D27001CA325 /* Model */ = {
			isa = PBXGroup;
			children = (
				61B452BE21C44DC1001CA325 /* User.swift */,
				61B452C921C5A16E001CA325 /* ErrorMessage.swift */,
			);
			path = Model;
			sourceTree = "<group>";
		};
		61B452C421C597B8001CA325 /* Stubs */ = {
			isa = PBXGroup;
			children = (
				61B452C521C597F9001CA325 /* user.json */,
				61B452C721C5A01A001CA325 /* offline.json */,
			);
			path = Stubs;
			sourceTree = "<group>";
		};
		61B452CB21C5AB16001CA325 /* View */ = {
			isa = PBXGroup;
			children = (
				61B452D121C5ADF5001CA325 /* Font */,
				61B452CC21C5AB33001CA325 /* UserList */,
				61B4528F21C3206B001CA325 /* LaunchScreen.storyboard */,
				61B4528A21C32069001CA325 /* Main.storyboard */,
				61B452DC21C5F0E5001CA325 /* UIViewExtension.swift */,
			);
			path = View;
			sourceTree = "<group>";
		};
		61B452CC21C5AB33001CA325 /* UserList */ = {
			isa = PBXGroup;
			children = (
				61B452CF21C5AC90001CA325 /* UserListTableViewController.swift */,
				61B452CD21C5ABE9001CA325 /* UserListViewModel.swift */,
				61B452E221C6A89F001CA325 /* UserViewModel.swift */,
				61B452E721C6B784001CA325 /* UserTableViewCell.swift */,
			);
			path = UserList;
			sourceTree = "<group>";
		};
		61B452D121C5ADF5001CA325 /* Font */ = {
			isa = PBXGroup;
			children = (
				61B452D521C5AE86001CA325 /* AvenirNextLTPro-Bold.otf */,
				61B452D721C5AE86001CA325 /* AvenirNextLTPro-Demi.otf */,
				61B452D621C5AE86001CA325 /* AvenirNextLTPro-MediumCn.otf */,
				61B452D421C5AE86001CA325 /* AvenirNextLTPro-Regular.otf */,
				61B452D221C5AE26001CA325 /* LoveloBold.otf */,
			);
			path = Font;
			sourceTree = "<group>";
		};
		61B452DF21C695C8001CA325 /* API */ = {
			isa = PBXGroup;
			children = (
				61B452E021C695F4001CA325 /* UserAPI.swift */,
			);
			path = API;
			sourceTree = "<group>";
		};
		61B452E421C6A980001CA325 /* Util */ = {
			isa = PBXGroup;
			children = (
				61B452E521C6A995001CA325 /* BaseViewModel.swift */,
				614437F521C7407E005999F2 /* ActivityIndicator.swift */,
				614437F721C74130005999F2 /* Utility.swift */,
			);
			path = Util;
			sourceTree = "<group>";
		};
		A7D3687E483B17C533520FBE /* Frameworks */ = {
			isa = PBXGroup;
			children = (
				DB3941154B00AC4309FF29AE /* Pods_RandomUserApp.framework */,
				98B58E766DDD4E78690AB497 /* Pods_RandomUserAppTests.framework */,
			);
			name = Frameworks;
			sourceTree = "<group>";
		};
		F9F0215CDA06EED6042D092F /* Pods */ = {
			isa = PBXGroup;
			children = (
				82309061495F376DC5B416C6 /* Pods-RandomUserApp.debug.xcconfig */,
				DE20CC304CFEB22C364EF5D2 /* Pods-RandomUserApp.release.xcconfig */,
				E25550176CD3A023ECC9767C /* Pods-RandomUserAppTests.debug.xcconfig */,
				74AD1FCD5E0C9607EF100D95 /* Pods-RandomUserAppTests.release.xcconfig */,
			);
			path = Pods;
			sourceTree = "<group>";
		};
/* End PBXGroup section */

/* Begin PBXNativeTarget section */
		61B4528221C32069001CA325 /* RandomUserApp */ = {
			isa = PBXNativeTarget;
			buildConfigurationList = 61B452A021C3206B001CA325 /* Build configuration list for PBXNativeTarget "RandomUserApp" */;
			buildPhases = (
				433D786248E40D8880149C28 /* [CP] Check Pods Manifest.lock */,
				61B4527F21C32069001CA325 /* Sources */,
				61B4528021C32069001CA325 /* Frameworks */,
				61B4528121C32069001CA325 /* Resources */,
				82152BF671519AB90605F817 /* [CP] Embed Pods Frameworks */,
			);
			buildRules = (
			);
			dependencies = (
			);
			name = RandomUserApp;
			productName = RandomUserApp;
			productReference = 61B4528321C32069001CA325 /* RandomUserApp.app */;
			productType = "com.apple.product-type.application";
		};
		61B4529621C3206B001CA325 /* RandomUserAppTests */ = {
			isa = PBXNativeTarget;
			buildConfigurationList = 61B452A321C3206B001CA325 /* Build configuration list for PBXNativeTarget "RandomUserAppTests" */;
			buildPhases = (
				7AA46FA43560BE42380EC9CE /* [CP] Check Pods Manifest.lock */,
				61B4529321C3206B001CA325 /* Sources */,
				61B4529421C3206B001CA325 /* Frameworks */,
				61B4529521C3206B001CA325 /* Resources */,
				8D39A2F859F6789FEF6E4503 /* [CP] Embed Pods Frameworks */,
			);
			buildRules = (
			);
			dependencies = (
				61B4529921C3206B001CA325 /* PBXTargetDependency */,
			);
			name = RandomUserAppTests;
			productName = RandomUserAppTests;
			productReference = 61B4529721C3206B001CA325 /* RandomUserAppTests.xctest */;
			productType = "com.apple.product-type.bundle.unit-test";
		};
/* End PBXNativeTarget section */

/* Begin PBXProject section */
		61B4527B21C32069001CA325 /* Project object */ = {
			isa = PBXProject;
			attributes = {
				LastSwiftUpdateCheck = 1010;
				LastUpgradeCheck = 1010;
				ORGANIZATIONNAME = JunierOniel;
				TargetAttributes = {
					61B4528221C32069001CA325 = {
						CreatedOnToolsVersion = 10.1;
					};
					61B4529621C3206B001CA325 = {
						CreatedOnToolsVersion = 10.1;
						TestTargetID = 61B4528221C32069001CA325;
					};
				};
			};
			buildConfigurationList = 61B4527E21C32069001CA325 /* Build configuration list for PBXProject "RandomUserApp" */;
			compatibilityVersion = "Xcode 9.3";
			developmentRegion = en;
			hasScannedForEncodings = 0;
			knownRegions = (
				en,
				Base,
			);
			mainGroup = 61B4527A21C32069001CA325;
			productRefGroup = 61B4528421C32069001CA325 /* Products */;
			projectDirPath = "";
			projectRoot = "";
			targets = (
				61B4528221C32069001CA325 /* RandomUserApp */,
				61B4529621C3206B001CA325 /* RandomUserAppTests */,
			);
		};
/* End PBXProject section */

/* Begin PBXResourcesBuildPhase section */
		61B4528121C32069001CA325 /* Resources */ = {
			isa = PBXResourcesBuildPhase;
			buildActionMask = 2147483647;
			files = (
				61B452DB21C5AE86001CA325 /* AvenirNextLTPro-Demi.otf in Resources */,
				61B4529121C3206B001CA325 /* LaunchScreen.storyboard in Resources */,
				61B452D821C5AE86001CA325 /* AvenirNextLTPro-Regular.otf in Resources */,
				61B452D921C5AE86001CA325 /* AvenirNextLTPro-Bold.otf in Resources */,
				61B4528E21C3206B001CA325 /* Assets.xcassets in Resources */,
				61B4528C21C32069001CA325 /* Main.storyboard in Resources */,
				61B452D321C5AE26001CA325 /* LoveloBold.otf in Resources */,
				61B452DA21C5AE86001CA325 /* AvenirNextLTPro-MediumCn.otf in Resources */,
			);
			runOnlyForDeploymentPostprocessing = 0;
		};
		61B4529521C3206B001CA325 /* Resources */ = {
			isa = PBXResourcesBuildPhase;
			buildActionMask = 2147483647;
			files = (
				61B452C621C597F9001CA325 /* user.json in Resources */,
				61B452C821C5A01A001CA325 /* offline.json in Resources */,
			);
			runOnlyForDeploymentPostprocessing = 0;
		};
/* End PBXResourcesBuildPhase section */

/* Begin PBXShellScriptBuildPhase section */
		433D786248E40D8880149C28 /* [CP] Check Pods Manifest.lock */ = {
			isa = PBXShellScriptBuildPhase;
			buildActionMask = 2147483647;
			files = (
			);
			inputFileListPaths = (
			);
			inputPaths = (
				"${PODS_PODFILE_DIR_PATH}/Podfile.lock",
				"${PODS_ROOT}/Manifest.lock",
			);
			name = "[CP] Check Pods Manifest.lock";
			outputFileListPaths = (
			);
			outputPaths = (
				"$(DERIVED_FILE_DIR)/Pods-RandomUserApp-checkManifestLockResult.txt",
			);
			runOnlyForDeploymentPostprocessing = 0;
			shellPath = /bin/sh;
			shellScript = "diff \"${PODS_PODFILE_DIR_PATH}/Podfile.lock\" \"${PODS_ROOT}/Manifest.lock\" > /dev/null\nif [ $? != 0 ] ; then\n    # print error to STDERR\n    echo \"error: The sandbox is not in sync with the Podfile.lock. Run 'pod install' or update your CocoaPods installation.\" >&2\n    exit 1\nfi\n# This output is used by Xcode 'outputs' to avoid re-running this script phase.\necho \"SUCCESS\" > \"${SCRIPT_OUTPUT_FILE_0}\"\n";
			showEnvVarsInLog = 0;
		};
		7AA46FA43560BE42380EC9CE /* [CP] Check Pods Manifest.lock */ = {
			isa = PBXShellScriptBuildPhase;
			buildActionMask = 2147483647;
			files = (
			);
			inputFileListPaths = (
			);
			inputPaths = (
				"${PODS_PODFILE_DIR_PATH}/Podfile.lock",
				"${PODS_ROOT}/Manifest.lock",
			);
			name = "[CP] Check Pods Manifest.lock";
			outputFileListPaths = (
			);
			outputPaths = (
				"$(DERIVED_FILE_DIR)/Pods-RandomUserAppTests-checkManifestLockResult.txt",
			);
			runOnlyForDeploymentPostprocessing = 0;
			shellPath = /bin/sh;
			shellScript = "diff \"${PODS_PODFILE_DIR_PATH}/Podfile.lock\" \"${PODS_ROOT}/Manifest.lock\" > /dev/null\nif [ $? != 0 ] ; then\n    # print error to STDERR\n    echo \"error: The sandbox is not in sync with the Podfile.lock. Run 'pod install' or update your CocoaPods installation.\" >&2\n    exit 1\nfi\n# This output is used by Xcode 'outputs' to avoid re-running this script phase.\necho \"SUCCESS\" > \"${SCRIPT_OUTPUT_FILE_0}\"\n";
			showEnvVarsInLog = 0;
		};
		82152BF671519AB90605F817 /* [CP] Embed Pods Frameworks */ = {
			isa = PBXShellScriptBuildPhase;
			buildActionMask = 2147483647;
			files = (
			);
			inputFileListPaths = (
			);
			inputPaths = (
				"${PODS_ROOT}/Target Support Files/Pods-RandomUserApp/Pods-RandomUserApp-frameworks.sh",
				"${BUILT_PRODUCTS_DIR}/Alamofire/Alamofire.framework",
				"${BUILT_PRODUCTS_DIR}/MDFInternationalization/MDFInternationalization.framework",
				"${BUILT_PRODUCTS_DIR}/MaterialComponents/MaterialComponents.framework",
				"${BUILT_PRODUCTS_DIR}/MotionAnimator/MotionAnimator.framework",
				"${BUILT_PRODUCTS_DIR}/MotionInterchange/MotionInterchange.framework",
				"${BUILT_PRODUCTS_DIR}/RxAtomic/RxAtomic.framework",
				"${BUILT_PRODUCTS_DIR}/RxCocoa/RxCocoa.framework",
				"${BUILT_PRODUCTS_DIR}/RxSwift/RxSwift.framework",
			);
			name = "[CP] Embed Pods Frameworks";
			outputFileListPaths = (
			);
			outputPaths = (
				"${TARGET_BUILD_DIR}/${FRAMEWORKS_FOLDER_PATH}/Alamofire.framework",
				"${TARGET_BUILD_DIR}/${FRAMEWORKS_FOLDER_PATH}/MDFInternationalization.framework",
				"${TARGET_BUILD_DIR}/${FRAMEWORKS_FOLDER_PATH}/MaterialComponents.framework",
				"${TARGET_BUILD_DIR}/${FRAMEWORKS_FOLDER_PATH}/MotionAnimator.framework",
				"${TARGET_BUILD_DIR}/${FRAMEWORKS_FOLDER_PATH}/MotionInterchange.framework",
				"${TARGET_BUILD_DIR}/${FRAMEWORKS_FOLDER_PATH}/RxAtomic.framework",
				"${TARGET_BUILD_DIR}/${FRAMEWORKS_FOLDER_PATH}/RxCocoa.framework",
				"${TARGET_BUILD_DIR}/${FRAMEWORKS_FOLDER_PATH}/RxSwift.framework",
			);
			runOnlyForDeploymentPostprocessing = 0;
			shellPath = /bin/sh;
			shellScript = "\"${PODS_ROOT}/Target Support Files/Pods-RandomUserApp/Pods-RandomUserApp-frameworks.sh\"\n";
			showEnvVarsInLog = 0;
		};
		8D39A2F859F6789FEF6E4503 /* [CP] Embed Pods Frameworks */ = {
			isa = PBXShellScriptBuildPhase;
			buildActionMask = 2147483647;
			files = (
			);
			inputFileListPaths = (
			);
			inputPaths = (
				"${PODS_ROOT}/Target Support Files/Pods-RandomUserAppTests/Pods-RandomUserAppTests-frameworks.sh",
				"${BUILT_PRODUCTS_DIR}/OHHTTPStubs/OHHTTPStubs.framework",
			);
			name = "[CP] Embed Pods Frameworks";
			outputFileListPaths = (
			);
			outputPaths = (
				"${TARGET_BUILD_DIR}/${FRAMEWORKS_FOLDER_PATH}/OHHTTPStubs.framework",
			);
			runOnlyForDeploymentPostprocessing = 0;
			shellPath = /bin/sh;
			shellScript = "\"${PODS_ROOT}/Target Support Files/Pods-RandomUserAppTests/Pods-RandomUserAppTests-frameworks.sh\"\n";
			showEnvVarsInLog = 0;
		};
/* End PBXShellScriptBuildPhase section */

/* Begin PBXSourcesBuildPhase section */
		61B4527F21C32069001CA325 /* Sources */ = {
			isa = PBXSourcesBuildPhase;
			buildActionMask = 2147483647;
			files = (
				61B452B821C4394C001CA325 /* RandomUserAPIRoutes.swift in Sources */,
				61B452E621C6A995001CA325 /* BaseViewModel.swift in Sources */,
				61B452CE21C5ABE9001CA325 /* UserListViewModel.swift in Sources */,
				61B452B621C43932001CA325 /* RandomUserAPIClient.swift in Sources */,
				614437F621C7407E005999F2 /* ActivityIndicator.swift in Sources */,
				61B452E821C6B784001CA325 /* UserTableViewCell.swift in Sources */,
				61B452E321C6A89F001CA325 /* UserViewModel.swift in Sources */,
				61B452D021C5AC91001CA325 /* UserListTableViewController.swift in Sources */,
				61B452BF21C44DC1001CA325 /* User.swift in Sources */,
				614437F821C74130005999F2 /* Utility.swift in Sources */,
				61B452CA21C5A16E001CA325 /* ErrorMessage.swift in Sources */,
				61B4528721C32069001CA325 /* AppDelegate.swift in Sources */,
				61B452DD21C5F0E5001CA325 /* UIViewExtension.swift in Sources */,
				61B452E121C695F4001CA325 /* UserAPI.swift in Sources */,
			);
			runOnlyForDeploymentPostprocessing = 0;
		};
		61B4529321C3206B001CA325 /* Sources */ = {
			isa = PBXSourcesBuildPhase;
			buildActionMask = 2147483647;
			files = (
				61B452BA21C448B2001CA325 /* RandomUserAPIClientTest.swift in Sources */,
			);
			runOnlyForDeploymentPostprocessing = 0;
		};
/* End PBXSourcesBuildPhase section */

/* Begin PBXTargetDependency section */
		61B4529921C3206B001CA325 /* PBXTargetDependency */ = {
			isa = PBXTargetDependency;
			target = 61B4528221C32069001CA325 /* RandomUserApp */;
			targetProxy = 61B4529821C3206B001CA325 /* PBXContainerItemProxy */;
		};
/* End PBXTargetDependency section */

/* Begin PBXVariantGroup section */
		61B4528A21C32069001CA325 /* Main.storyboard */ = {
			isa = PBXVariantGroup;
			children = (
				61B4528B21C32069001CA325 /* Base */,
			);
			name = Main.storyboard;
			sourceTree = "<group>";
		};
		61B4528F21C3206B001CA325 /* LaunchScreen.storyboard */ = {
			isa = PBXVariantGroup;
			children = (
				61B4529021C3206B001CA325 /* Base */,
			);
			name = LaunchScreen.storyboard;
			sourceTree = "<group>";
		};
/* End PBXVariantGroup section */

/* Begin XCBuildConfiguration section */
		61B4529E21C3206B001CA325 /* Debug */ = {
			isa = XCBuildConfiguration;
			buildSettings = {
				ALWAYS_SEARCH_USER_PATHS = NO;
				CLANG_ANALYZER_NONNULL = YES;
				CLANG_ANALYZER_NUMBER_OBJECT_CONVERSION = YES_AGGRESSIVE;
				CLANG_CXX_LANGUAGE_STANDARD = "gnu++14";
				CLANG_CXX_LIBRARY = "libc++";
				CLANG_ENABLE_MODULES = YES;
				CLANG_ENABLE_OBJC_ARC = YES;
				CLANG_ENABLE_OBJC_WEAK = YES;
				CLANG_WARN_BLOCK_CAPTURE_AUTORELEASING = YES;
				CLANG_WARN_BOOL_CONVERSION = YES;
				CLANG_WARN_COMMA = YES;
				CLANG_WARN_CONSTANT_CONVERSION = YES;
				CLANG_WARN_DEPRECATED_OBJC_IMPLEMENTATIONS = YES;
				CLANG_WARN_DIRECT_OBJC_ISA_USAGE = YES_ERROR;
				CLANG_WARN_DOCUMENTATION_COMMENTS = YES;
				CLANG_WARN_EMPTY_BODY = YES;
				CLANG_WARN_ENUM_CONVERSION = YES;
				CLANG_WARN_INFINITE_RECURSION = YES;
				CLANG_WARN_INT_CONVERSION = YES;
				CLANG_WARN_NON_LITERAL_NULL_CONVERSION = YES;
				CLANG_WARN_OBJC_IMPLICIT_RETAIN_SELF = YES;
				CLANG_WARN_OBJC_LITERAL_CONVERSION = YES;
				CLANG_WARN_OBJC_ROOT_CLASS = YES_ERROR;
				CLANG_WARN_RANGE_LOOP_ANALYSIS = YES;
				CLANG_WARN_STRICT_PROTOTYPES = YES;
				CLANG_WARN_SUSPICIOUS_MOVE = YES;
				CLANG_WARN_UNGUARDED_AVAILABILITY = YES_AGGRESSIVE;
				CLANG_WARN_UNREACHABLE_CODE = YES;
				CLANG_WARN__DUPLICATE_METHOD_MATCH = YES;
				CODE_SIGN_IDENTITY = "iPhone Developer";
				COPY_PHASE_STRIP = NO;
				DEBUG_INFORMATION_FORMAT = dwarf;
				ENABLE_STRICT_OBJC_MSGSEND = YES;
				ENABLE_TESTABILITY = YES;
				GCC_C_LANGUAGE_STANDARD = gnu11;
				GCC_DYNAMIC_NO_PIC = NO;
				GCC_NO_COMMON_BLOCKS = YES;
				GCC_OPTIMIZATION_LEVEL = 0;
				GCC_PREPROCESSOR_DEFINITIONS = (
					"DEBUG=1",
					"$(inherited)",
				);
				GCC_WARN_64_TO_32_BIT_CONVERSION = YES;
				GCC_WARN_ABOUT_RETURN_TYPE = YES_ERROR;
				GCC_WARN_UNDECLARED_SELECTOR = YES;
				GCC_WARN_UNINITIALIZED_AUTOS = YES_AGGRESSIVE;
				GCC_WARN_UNUSED_FUNCTION = YES;
				GCC_WARN_UNUSED_VARIABLE = YES;
				IPHONEOS_DEPLOYMENT_TARGET = 12.1;
				MTL_ENABLE_DEBUG_INFO = INCLUDE_SOURCE;
				MTL_FAST_MATH = YES;
				ONLY_ACTIVE_ARCH = YES;
				SDKROOT = iphoneos;
				SWIFT_ACTIVE_COMPILATION_CONDITIONS = DEBUG;
				SWIFT_OPTIMIZATION_LEVEL = "-Onone";
			};
			name = Debug;
		};
		61B4529F21C3206B001CA325 /* Release */ = {
			isa = XCBuildConfiguration;
			buildSettings = {
				ALWAYS_SEARCH_USER_PATHS = NO;
				CLANG_ANALYZER_NONNULL = YES;
				CLANG_ANALYZER_NUMBER_OBJECT_CONVERSION = YES_AGGRESSIVE;
				CLANG_CXX_LANGUAGE_STANDARD = "gnu++14";
				CLANG_CXX_LIBRARY = "libc++";
				CLANG_ENABLE_MODULES = YES;
				CLANG_ENABLE_OBJC_ARC = YES;
				CLANG_ENABLE_OBJC_WEAK = YES;
				CLANG_WARN_BLOCK_CAPTURE_AUTORELEASING = YES;
				CLANG_WARN_BOOL_CONVERSION = YES;
				CLANG_WARN_COMMA = YES;
				CLANG_WARN_CONSTANT_CONVERSION = YES;
				CLANG_WARN_DEPRECATED_OBJC_IMPLEMENTATIONS = YES;
				CLANG_WARN_DIRECT_OBJC_ISA_USAGE = YES_ERROR;
				CLANG_WARN_DOCUMENTATION_COMMENTS = YES;
				CLANG_WARN_EMPTY_BODY = YES;
				CLANG_WARN_ENUM_CONVERSION = YES;
				CLANG_WARN_INFINITE_RECURSION = YES;
				CLANG_WARN_INT_CONVERSION = YES;
				CLANG_WARN_NON_LITERAL_NULL_CONVERSION = YES;
				CLANG_WARN_OBJC_IMPLICIT_RETAIN_SELF = YES;
				CLANG_WARN_OBJC_LITERAL_CONVERSION = YES;
				CLANG_WARN_OBJC_ROOT_CLASS = YES_ERROR;
				CLANG_WARN_RANGE_LOOP_ANALYSIS = YES;
				CLANG_WARN_STRICT_PROTOTYPES = YES;
				CLANG_WARN_SUSPICIOUS_MOVE = YES;
				CLANG_WARN_UNGUARDED_AVAILABILITY = YES_AGGRESSIVE;
				CLANG_WARN_UNREACHABLE_CODE = YES;
				CLANG_WARN__DUPLICATE_METHOD_MATCH = YES;
				CODE_SIGN_IDENTITY = "iPhone Developer";
				COPY_PHASE_STRIP = NO;
				DEBUG_INFORMATION_FORMAT = "dwarf-with-dsym";
				ENABLE_NS_ASSERTIONS = NO;
				ENABLE_STRICT_OBJC_MSGSEND = YES;
				GCC_C_LANGUAGE_STANDARD = gnu11;
				GCC_NO_COMMON_BLOCKS = YES;
				GCC_WARN_64_TO_32_BIT_CONVERSION = YES;
				GCC_WARN_ABOUT_RETURN_TYPE = YES_ERROR;
				GCC_WARN_UNDECLARED_SELECTOR = YES;
				GCC_WARN_UNINITIALIZED_AUTOS = YES_AGGRESSIVE;
				GCC_WARN_UNUSED_FUNCTION = YES;
				GCC_WARN_UNUSED_VARIABLE = YES;
				IPHONEOS_DEPLOYMENT_TARGET = 12.1;
				MTL_ENABLE_DEBUG_INFO = NO;
				MTL_FAST_MATH = YES;
				SDKROOT = iphoneos;
				SWIFT_COMPILATION_MODE = wholemodule;
				SWIFT_OPTIMIZATION_LEVEL = "-O";
				VALIDATE_PRODUCT = YES;
			};
			name = Release;
		};
		61B452A121C3206B001CA325 /* Debug */ = {
			isa = XCBuildConfiguration;
			baseConfigurationReference = 82309061495F376DC5B416C6 /* Pods-RandomUserApp.debug.xcconfig */;
			buildSettings = {
				ASSETCATALOG_COMPILER_APPICON_NAME = AppIcon;
				CODE_SIGN_STYLE = Automatic;
				DEVELOPMENT_TEAM = 7N6FSGEBRG;
				INFOPLIST_FILE = RandomUserApp/Info.plist;
				LD_RUNPATH_SEARCH_PATHS = (
					"$(inherited)",
					"@executable_path/Frameworks",
				);
				PRODUCT_BUNDLE_IDENTIFIER = com.junieroniel.RandomUserApp;
				PRODUCT_NAME = "$(TARGET_NAME)";
				SWIFT_VERSION = 4.2;
				TARGETED_DEVICE_FAMILY = "1,2";
			};
			name = Debug;
		};
		61B452A221C3206B001CA325 /* Release */ = {
			isa = XCBuildConfiguration;
			baseConfigurationReference = DE20CC304CFEB22C364EF5D2 /* Pods-RandomUserApp.release.xcconfig */;
			buildSettings = {
				ASSETCATALOG_COMPILER_APPICON_NAME = AppIcon;
				CODE_SIGN_STYLE = Automatic;
				DEVELOPMENT_TEAM = 7N6FSGEBRG;
				INFOPLIST_FILE = RandomUserApp/Info.plist;
				LD_RUNPATH_SEARCH_PATHS = (
					"$(inherited)",
					"@executable_path/Frameworks",
				);
				PRODUCT_BUNDLE_IDENTIFIER = com.junieroniel.RandomUserApp;
				PRODUCT_NAME = "$(TARGET_NAME)";
				SWIFT_VERSION = 4.2;
				TARGETED_DEVICE_FAMILY = "1,2";
			};
			name = Release;
		};
		61B452A421C3206B001CA325 /* Debug */ = {
			isa = XCBuildConfiguration;
			baseConfigurationReference = E25550176CD3A023ECC9767C /* Pods-RandomUserAppTests.debug.xcconfig */;
			buildSettings = {
				BUNDLE_LOADER = "$(TEST_HOST)";
				CODE_SIGN_STYLE = Automatic;
				DEVELOPMENT_TEAM = 7N6FSGEBRG;
				INFOPLIST_FILE = RandomUserAppTests/Info.plist;
				LD_RUNPATH_SEARCH_PATHS = (
					"$(inherited)",
					"@executable_path/Frameworks",
					"@loader_path/Frameworks",
				);
				PRODUCT_BUNDLE_IDENTIFIER = com.junieroniel.RandomUserAppTests;
				PRODUCT_NAME = "$(TARGET_NAME)";
				SWIFT_VERSION = 4.2;
				TARGETED_DEVICE_FAMILY = "1,2";
				TEST_HOST = "$(BUILT_PRODUCTS_DIR)/RandomUserApp.app/RandomUserApp";
			};
			name = Debug;
		};
		61B452A521C3206B001CA325 /* Release */ = {
			isa = XCBuildConfiguration;
			baseConfigurationReference = 74AD1FCD5E0C9607EF100D95 /* Pods-RandomUserAppTests.release.xcconfig */;
			buildSettings = {
				BUNDLE_LOADER = "$(TEST_HOST)";
				CODE_SIGN_STYLE = Automatic;
				DEVELOPMENT_TEAM = 7N6FSGEBRG;
				INFOPLIST_FILE = RandomUserAppTests/Info.plist;
				LD_RUNPATH_SEARCH_PATHS = (
					"$(inherited)",
					"@executable_path/Frameworks",
					"@loader_path/Frameworks",
				);
				PRODUCT_BUNDLE_IDENTIFIER = com.junieroniel.RandomUserAppTests;
				PRODUCT_NAME = "$(TARGET_NAME)";
				SWIFT_VERSION = 4.2;
				TARGETED_DEVICE_FAMILY = "1,2";
				TEST_HOST = "$(BUILT_PRODUCTS_DIR)/RandomUserApp.app/RandomUserApp";
			};
			name = Release;
		};
/* End XCBuildConfiguration section */

/* Begin XCConfigurationList section */
		61B4527E21C32069001CA325 /* Build configuration list for PBXProject "RandomUserApp" */ = {
			isa = XCConfigurationList;
			buildConfigurations = (
				61B4529E21C3206B001CA325 /* Debug */,
				61B4529F21C3206B001CA325 /* Release */,
			);
			defaultConfigurationIsVisible = 0;
			defaultConfigurationName = Release;
		};
		61B452A021C3206B001CA325 /* Build configuration list for PBXNativeTarget "RandomUserApp" */ = {
			isa = XCConfigurationList;
			buildConfigurations = (
				61B452A121C3206B001CA325 /* Debug */,
				61B452A221C3206B001CA325 /* Release */,
			);
			defaultConfigurationIsVisible = 0;
			defaultConfigurationName = Release;
		};
		61B452A321C3206B001CA325 /* Build configuration list for PBXNativeTarget "RandomUserAppTests" */ = {
			isa = XCConfigurationList;
			buildConfigurations = (
				61B452A421C3206B001CA325 /* Debug */,
				61B452A521C3206B001CA325 /* Release */,
			);
			defaultConfigurationIsVisible = 0;
			defaultConfigurationName = Release;
		};
/* End XCConfigurationList section */
	};
	rootObject = 61B4527B21C32069001CA325 /* Project object */;
}
